{
  "name": "chrisizworski-com",
  "version": "1.0.0",
  "lockfileVersion": 3,
  "requires": true,
  "packages": {
    "": {
      "name": "chrisizworski-com",
      "version": "1.0.0",
      "dependencies": {
        "national-ballard-locks": "github:izworskic/national-ballard-locks#87c99c77cc0ed6a265ff9ae4fdffafa632ae6b50",
        "ontario-fishing-lake-finder": "github:izworskic/ontario-fishing-lake-finder#317abdf164792692a5202078cee3d3fae36b9322"
      },
      "engines": {
        "node": "22.x"
      }
    },
    "node_modules/national-ballard-locks": {
      "version": "1.0.0",
      "resolved": "git+ssh://git@github.com/izworskic/national-ballard-locks.git#87c99c77cc0ed6a265ff9ae4fdffafa632ae6b50",
      "integrity": "sha512-Bbu/tibqevpzmnYyRrL12pgSoCeN5z8mk/6ST1Gn1khrvQjSRvJEZBVaHXh0JJK0MzTRgwY672useVXffD68yA==",
      "engines": {
        "node": "22.x"
      }
    },
    "node_modules/ontario-fishing-lake-finder": {
      "version": "2.0.0",
      "resolved": "git+ssh://git@github.com/izworskic/ontario-fishing-lake-finder.git#317abdf164792692a5202078cee3d3fae36b9322",
      "integrity": "sha512-8q9iOxysX/aN/fo9fRk3TDeeMp0lJp/PbScVizbK2wUFmHXdgsRlf7HkMAwv+66e97VyKzaCWj1i+xFfGb2vpA==",
      "engines": {
        "node": ">=20"
      }
    }
  }
}
