{
  "name": "chrisizworski-com",
  "version": "1.0.0",
  "lockfileVersion": 3,
  "requires": true,
  "packages": {
    "": {
      "name": "chrisizworski-com",
      "version": "1.0.0",
      "dependencies": {
        "national-ballard-locks": "github:izworskic/national-ballard-locks#c0d0db1726dff6922efd059e3bf4da2091c01108",
        "ontario-fishing-lake-finder": "github:izworskic/ontario-fishing-lake-finder#5d633f518db03f406c3bf9d6dcc8a8fdb895a06f"
      },
      "engines": {
        "node": "22.x"
      }
    },
    "node_modules/national-ballard-locks": {
      "version": "1.0.0",
      "resolved": "git+ssh://git@github.com/izworskic/national-ballard-locks.git#c0d0db1726dff6922efd059e3bf4da2091c01108",
      "engines": {
        "node": "22.x"
      }
    },
    "node_modules/ontario-fishing-lake-finder": {
      "version": "2.0.0",
      "resolved": "git+ssh://git@github.com/izworskic/ontario-fishing-lake-finder.git#5d633f518db03f406c3bf9d6dcc8a8fdb895a06f",
      "engines": {
        "node": ">=20"
      }
    }
  }
}
