{
  "name": "chrisizworski-com",
  "version": "1.0.0",
  "lockfileVersion": 3,
  "requires": true,
  "packages": {
    "": {
      "name": "chrisizworski-com",
      "version": "1.0.0",
      "dependencies": {
        "national-ballard-locks": "github:izworskic/national-ballard-locks#822ba2e1a3664edd423584049ca6edaf7812cf55",
        "ontario-fishing-lake-finder": "github:izworskic/ontario-fishing-lake-finder#317abdf164792692a5202078cee3d3fae36b9322"
      },
      "engines": {
        "node": "22.x"
      }
    },
    "node_modules/national-ballard-locks": {
      "version": "1.0.0",
      "resolved": "git+ssh://git@github.com/izworskic/national-ballard-locks.git#822ba2e1a3664edd423584049ca6edaf7812cf55",
      "integrity": "sha512-OwY1PTg/R2wO3GFbEXQIj5lcR/1Giyax1YLtSJi6yba+5M6I9fmodMz7LsTOes9k1/pCszbL7Pq0mEyuoZ3n2A==",
      "engines": {
        "node": "22.x"
      }
    },
    "node_modules/ontario-fishing-lake-finder": {
      "version": "2.0.0",
      "resolved": "git+ssh://git@github.com/izworskic/ontario-fishing-lake-finder.git#317abdf164792692a5202078cee3d3fae36b9322",
      "integrity": "sha512-8q9iOxysX/aN/fo9fRk3TDeeMp0lJp/PbScVizbK2wUFmHXdgsRlf7HkMAwv+66e97VyKzaCWj1i+xFfGb2vpA==",
      "engines": {
        "node": ">=20"
      }
    }
  }
}
